
Microsoft Visual Studio Solution File, Format Version 12.00
# Visual Studio 15
VisualStudioVersion = 15.0.26124.0
MinimumVisualStudioVersion = 15.0.26124.0
Project("{2150E333-8FDC-42A3-9474-1A3956D46DE8}") = "src", "src", "{AB0329B6-0CCB-45C8-9D51-06A81183D35A}"
EndProject
Project("{2150E333-8FDC-42A3-9474-1A3956D46DE8}") = "2.0", "2.0", "{79AAEBD8-91D2-447D-B5A5-723828606215}"
EndProject
Project("{FAE04EC0-301F-11D3-BF4B-00C04F79EFBC}") = "EMG.XML.Types", "src\2.0\Types\EMG.XML.Types.csproj", "{EDB55F4E-8A60-4F3B-ACB5-F7D106DAD426}"
EndProject
Project("{2150E333-8FDC-42A3-9474-1A3956D46DE8}") = "3.0", "3.0", "{B3857EE7-1B1A-46AA-B051-0E06D539FD77}"
EndProject
Project("{FAE04EC0-301F-11D3-BF4B-00C04F79EFBC}") = "EMG.XML.Types", "src\3.0\Types\EMG.XML.Types.csproj", "{E9CB18B5-F3A2-4561-AF66-B91A11CE9E9D}"
EndProject
Project("{2150E333-8FDC-42A3-9474-1A3956D46DE8}") = "samples", "samples", "{EEFFA94D-3DD8-4D09-B784-EDC98D2D85A8}"
EndProject
Project("{FAE04EC0-301F-11D3-BF4B-00C04F79EFBC}") = "Sample.20", "samples\Sample.20\Sample.20.csproj", "{75E89BA0-49A4-49F8-B5F2-45B211BD6425}"
EndProject
Project("{FAE04EC0-301F-11D3-BF4B-00C04F79EFBC}") = "Sample.30", "samples\Sample.30\Sample.30.csproj", "{0B033E85-328D-464B-B37D-32CDDBFB4C51}"
Project("{2150E333-8FDC-42A3-9474-1A3956D46DE8}") = "tests", "tests", "{1D574092-4C2B-4DAA-97DE-D6A3EBD92F47}"
EndProject
Project("{FAE04EC0-301F-11D3-BF4B-00C04F79EFBC}") = "TestHelper", "tests\TestHelper\TestHelper.csproj", "{B6FDA053-8153-4A35-A589-D92E84D11F12}"
EndProject
Global
	GlobalSection(SolutionConfigurationPlatforms) = preSolution
		Debug|Any CPU = Debug|Any CPU
		Debug|x64 = Debug|x64
		Debug|x86 = Debug|x86
		Release|Any CPU = Release|Any CPU
		Release|x64 = Release|x64
		Release|x86 = Release|x86
	EndGlobalSection
	GlobalSection(SolutionProperties) = preSolution
		HideSolutionNode = FALSE
	EndGlobalSection
	GlobalSection(ProjectConfigurationPlatforms) = postSolution
		{EDB55F4E-8A60-4F3B-ACB5-F7D106DAD426}.Debug|Any CPU.ActiveCfg = Debug|Any CPU
		{EDB55F4E-8A60-4F3B-ACB5-F7D106DAD426}.Debug|Any CPU.Build.0 = Debug|Any CPU
		{EDB55F4E-8A60-4F3B-ACB5-F7D106DAD426}.Debug|x64.ActiveCfg = Debug|Any CPU
		{EDB55F4E-8A60-4F3B-ACB5-F7D106DAD426}.Debug|x64.Build.0 = Debug|Any CPU
		{EDB55F4E-8A60-4F3B-ACB5-F7D106DAD426}.Debug|x86.ActiveCfg = Debug|Any CPU
		{EDB55F4E-8A60-4F3B-ACB5-F7D106DAD426}.Debug|x86.Build.0 = Debug|Any CPU
		{EDB55F4E-8A60-4F3B-ACB5-F7D106DAD426}.Release|Any CPU.ActiveCfg = Release|Any CPU
		{EDB55F4E-8A60-4F3B-ACB5-F7D106DAD426}.Release|Any CPU.Build.0 = Release|Any CPU
		{EDB55F4E-8A60-4F3B-ACB5-F7D106DAD426}.Release|x64.ActiveCfg = Release|Any CPU
		{EDB55F4E-8A60-4F3B-ACB5-F7D106DAD426}.Release|x64.Build.0 = Release|Any CPU
		{EDB55F4E-8A60-4F3B-ACB5-F7D106DAD426}.Release|x86.ActiveCfg = Release|Any CPU
		{EDB55F4E-8A60-4F3B-ACB5-F7D106DAD426}.Release|x86.Build.0 = Release|Any CPU
		{E9CB18B5-F3A2-4561-AF66-B91A11CE9E9D}.Debug|Any CPU.ActiveCfg = Debug|Any CPU
		{E9CB18B5-F3A2-4561-AF66-B91A11CE9E9D}.Debug|Any CPU.Build.0 = Debug|Any CPU
		{E9CB18B5-F3A2-4561-AF66-B91A11CE9E9D}.Debug|x64.ActiveCfg = Debug|Any CPU
		{E9CB18B5-F3A2-4561-AF66-B91A11CE9E9D}.Debug|x64.Build.0 = Debug|Any CPU
		{E9CB18B5-F3A2-4561-AF66-B91A11CE9E9D}.Debug|x86.ActiveCfg = Debug|Any CPU
		{E9CB18B5-F3A2-4561-AF66-B91A11CE9E9D}.Debug|x86.Build.0 = Debug|Any CPU
		{E9CB18B5-F3A2-4561-AF66-B91A11CE9E9D}.Release|Any CPU.ActiveCfg = Release|Any CPU
		{E9CB18B5-F3A2-4561-AF66-B91A11CE9E9D}.Release|Any CPU.Build.0 = Release|Any CPU
		{E9CB18B5-F3A2-4561-AF66-B91A11CE9E9D}.Release|x64.ActiveCfg = Release|Any CPU
		{E9CB18B5-F3A2-4561-AF66-B91A11CE9E9D}.Release|x64.Build.0 = Release|Any CPU
		{E9CB18B5-F3A2-4561-AF66-B91A11CE9E9D}.Release|x86.ActiveCfg = Release|Any CPU
		{E9CB18B5-F3A2-4561-AF66-B91A11CE9E9D}.Release|x86.Build.0 = Release|Any CPU
		{75E89BA0-49A4-49F8-B5F2-45B211BD6425}.Debug|Any CPU.ActiveCfg = Debug|Any CPU
		{75E89BA0-49A4-49F8-B5F2-45B211BD6425}.Debug|Any CPU.Build.0 = Debug|Any CPU
		{75E89BA0-49A4-49F8-B5F2-45B211BD6425}.Debug|x64.ActiveCfg = Debug|Any CPU
		{75E89BA0-49A4-49F8-B5F2-45B211BD6425}.Debug|x64.Build.0 = Debug|Any CPU
		{75E89BA0-49A4-49F8-B5F2-45B211BD6425}.Debug|x86.ActiveCfg = Debug|Any CPU
		{75E89BA0-49A4-49F8-B5F2-45B211BD6425}.Debug|x86.Build.0 = Debug|Any CPU
		{75E89BA0-49A4-49F8-B5F2-45B211BD6425}.Release|Any CPU.ActiveCfg = Release|Any CPU
		{75E89BA0-49A4-49F8-B5F2-45B211BD6425}.Release|Any CPU.Build.0 = Release|Any CPU
		{75E89BA0-49A4-49F8-B5F2-45B211BD6425}.Release|x64.ActiveCfg = Release|Any CPU
		{75E89BA0-49A4-49F8-B5F2-45B211BD6425}.Release|x64.Build.0 = Release|Any CPU
		{75E89BA0-49A4-49F8-B5F2-45B211BD6425}.Release|x86.ActiveCfg = Release|Any CPU
		{75E89BA0-49A4-49F8-B5F2-45B211BD6425}.Release|x86.Build.0 = Release|Any CPU
		{0B033E85-328D-464B-B37D-32CDDBFB4C51}.Debug|Any CPU.ActiveCfg = Debug|Any CPU
		{0B033E85-328D-464B-B37D-32CDDBFB4C51}.Debug|Any CPU.Build.0 = Debug|Any CPU
		{0B033E85-328D-464B-B37D-32CDDBFB4C51}.Debug|x64.ActiveCfg = Debug|Any CPU
		{0B033E85-328D-464B-B37D-32CDDBFB4C51}.Debug|x64.Build.0 = Debug|Any CPU
		{0B033E85-328D-464B-B37D-32CDDBFB4C51}.Debug|x86.ActiveCfg = Debug|Any CPU
		{0B033E85-328D-464B-B37D-32CDDBFB4C51}.Debug|x86.Build.0 = Debug|Any CPU
		{0B033E85-328D-464B-B37D-32CDDBFB4C51}.Release|Any CPU.ActiveCfg = Release|Any CPU
		{0B033E85-328D-464B-B37D-32CDDBFB4C51}.Release|Any CPU.Build.0 = Release|Any CPU
		{0B033E85-328D-464B-B37D-32CDDBFB4C51}.Release|x64.ActiveCfg = Release|Any CPU
		{0B033E85-328D-464B-B37D-32CDDBFB4C51}.Release|x64.Build.0 = Release|Any CPU
		{0B033E85-328D-464B-B37D-32CDDBFB4C51}.Release|x86.ActiveCfg = Release|Any CPU
		{0B033E85-328D-464B-B37D-32CDDBFB4C51}.Release|x86.Build.0 = Release|Any CPU
		{B6FDA053-8153-4A35-A589-D92E84D11F12}.Debug|Any CPU.ActiveCfg = Debug|Any CPU
		{B6FDA053-8153-4A35-A589-D92E84D11F12}.Debug|Any CPU.Build.0 = Debug|Any CPU
		{B6FDA053-8153-4A35-A589-D92E84D11F12}.Debug|x64.ActiveCfg = Debug|Any CPU
		{B6FDA053-8153-4A35-A589-D92E84D11F12}.Debug|x64.Build.0 = Debug|Any CPU
		{B6FDA053-8153-4A35-A589-D92E84D11F12}.Debug|x86.ActiveCfg = Debug|Any CPU
		{B6FDA053-8153-4A35-A589-D92E84D11F12}.Debug|x86.Build.0 = Debug|Any CPU
		{B6FDA053-8153-4A35-A589-D92E84D11F12}.Release|Any CPU.ActiveCfg = Release|Any CPU
		{B6FDA053-8153-4A35-A589-D92E84D11F12}.Release|Any CPU.Build.0 = Release|Any CPU
		{B6FDA053-8153-4A35-A589-D92E84D11F12}.Release|x64.ActiveCfg = Release|Any CPU
		{B6FDA053-8153-4A35-A589-D92E84D11F12}.Release|x64.Build.0 = Release|Any CPU
		{B6FDA053-8153-4A35-A589-D92E84D11F12}.Release|x86.ActiveCfg = Release|Any CPU
		{B6FDA053-8153-4A35-A589-D92E84D11F12}.Release|x86.Build.0 = Release|Any CPU
	EndGlobalSection
	GlobalSection(NestedProjects) = preSolution
		{79AAEBD8-91D2-447D-B5A5-723828606215} = {AB0329B6-0CCB-45C8-9D51-06A81183D35A}
		{EDB55F4E-8A60-4F3B-ACB5-F7D106DAD426} = {79AAEBD8-91D2-447D-B5A5-723828606215}
		{B3857EE7-1B1A-46AA-B051-0E06D539FD77} = {AB0329B6-0CCB-45C8-9D51-06A81183D35A}
		{E9CB18B5-F3A2-4561-AF66-B91A11CE9E9D} = {B3857EE7-1B1A-46AA-B051-0E06D539FD77}
		{75E89BA0-49A4-49F8-B5F2-45B211BD6425} = {EEFFA94D-3DD8-4D09-B784-EDC98D2D85A8}
		{0B033E85-328D-464B-B37D-32CDDBFB4C51} = {EEFFA94D-3DD8-4D09-B784-EDC98D2D85A8}
		{B6FDA053-8153-4A35-A589-D92E84D11F12} = {1D574092-4C2B-4DAA-97DE-D6A3EBD92F47}
	EndGlobalSection
EndGlobal
