
Microsoft Visual Studio Solution File, Format Version 12.00
# Visual Studio 15
VisualStudioVersion = 15.0.26124.0
MinimumVisualStudioVersion = 15.0.26124.0
Project("{2150E333-8FDC-42A3-9474-1A3956D46DE8}") = "samples", "samples", "{67A0F471-C111-4061-9014-B74001D085C4}"
EndProject
Project("{FAE04EC0-301F-11D3-BF4B-00C04F79EFBC}") = "Sample.20", "samples\Sample.20\Sample.20.csproj", "{05F88AFD-618D-4DE5-936A-7F4EA915271C}"
EndProject
Project("{FAE04EC0-301F-11D3-BF4B-00C04F79EFBC}") = "Sample.30", "samples\Sample.30\Sample.30.csproj", "{DC1F3062-EDE7-40F3-BDBE-F4CD89F95E3B}"
EndProject
Project("{2150E333-8FDC-42A3-9474-1A3956D46DE8}") = "src", "src", "{125DBEDA-420A-4C6F-B2DE-E6E56D1264BF}"
EndProject
Project("{2150E333-8FDC-42A3-9474-1A3956D46DE8}") = "2.0", "2.0", "{9B4C9385-CF7F-4E19-BCDC-F07D4C52DF4B}"
EndProject
Project("{2150E333-8FDC-42A3-9474-1A3956D46DE8}") = "samples", "samples", "{EEFFA94D-3DD8-4D09-B784-EDC98D2D85A8}"
EndProject
Project("{FAE04EC0-301F-11D3-BF4B-00C04F79EFBC}") = "Sample.20", "samples\Sample.20\Sample.20.csproj", "{75E89BA0-49A4-49F8-B5F2-45B211BD6425}"
EndProject
Project("{FAE04EC0-301F-11D3-BF4B-00C04F79EFBC}") = "Sample.30", "samples\Sample.30\Sample.30.csproj", "{0B033E85-328D-464B-B37D-32CDDBFB4C51}"
Project("{2150E333-8FDC-42A3-9474-1A3956D46DE8}") = "tests", "tests", "{1D574092-4C2B-4DAA-97DE-D6A3EBD92F47}"
Project("{FAE04EC0-301F-11D3-BF4B-00C04F79EFBC}") = "EMG.XML.Types", "src\2.0\Types\EMG.XML.Types.csproj", "{93A4659A-C687-4A27-9894-0808592945C9}"
EndProject
Project("{2150E333-8FDC-42A3-9474-1A3956D46DE8}") = "3.0", "3.0", "{00EA1EA8-A2B4-48D0-A9F3-799C43C227E5}"
EndProject
Project("{FAE04EC0-301F-11D3-BF4B-00C04F79EFBC}") = "EMG.XML.Types", "src\3.0\Types\EMG.XML.Types.csproj", "{F8AAFE77-45A8-4005-95AF-005EAF2B3C4F}"
EndProject
Project("{2150E333-8FDC-42A3-9474-1A3956D46DE8}") = "tests", "tests", "{D62DD907-C9F7-41BA-A2C5-96E808983E22}"
EndProject
Project("{FAE04EC0-301F-11D3-BF4B-00C04F79EFBC}") = "TestHelper", "tests\TestHelper\TestHelper.csproj", "{A7029562-8236-4A49-BA74-C3444853F096}"
EndProject
Global
	GlobalSection(SolutionConfigurationPlatforms) = preSolution
		Debug|Any CPU = Debug|Any CPU
		Debug|x64 = Debug|x64
		Debug|x86 = Debug|x86
		Release|Any CPU = Release|Any CPU
		Release|x64 = Release|x64
		Release|x86 = Release|x86
	EndGlobalSection
	GlobalSection(SolutionProperties) = preSolution
		HideSolutionNode = FALSE
	EndGlobalSection
	GlobalSection(ProjectConfigurationPlatforms) = postSolution
<<<<<<< HEAD
		{EDB55F4E-8A60-4F3B-ACB5-F7D106DAD426}.Debug|Any CPU.ActiveCfg = Debug|Any CPU
		{EDB55F4E-8A60-4F3B-ACB5-F7D106DAD426}.Debug|Any CPU.Build.0 = Debug|Any CPU
		{EDB55F4E-8A60-4F3B-ACB5-F7D106DAD426}.Release|Any CPU.ActiveCfg = Release|Any CPU
		{EDB55F4E-8A60-4F3B-ACB5-F7D106DAD426}.Release|Any CPU.Build.0 = Release|Any CPU
		{E9CB18B5-F3A2-4561-AF66-B91A11CE9E9D}.Debug|Any CPU.ActiveCfg = Debug|Any CPU
		{E9CB18B5-F3A2-4561-AF66-B91A11CE9E9D}.Debug|Any CPU.Build.0 = Debug|Any CPU
		{E9CB18B5-F3A2-4561-AF66-B91A11CE9E9D}.Release|Any CPU.ActiveCfg = Release|Any CPU
		{E9CB18B5-F3A2-4561-AF66-B91A11CE9E9D}.Release|Any CPU.Build.0 = Release|Any CPU
		{E9CB18B5-F3A2-4561-AF66-B91A11CE9E9D}.Release|x64.ActiveCfg = Release|Any CPU
		{E9CB18B5-F3A2-4561-AF66-B91A11CE9E9D}.Release|x64.Build.0 = Release|Any CPU
		{E9CB18B5-F3A2-4561-AF66-B91A11CE9E9D}.Release|x86.ActiveCfg = Release|Any CPU
		{E9CB18B5-F3A2-4561-AF66-B91A11CE9E9D}.Release|x86.Build.0 = Release|Any CPU
		{75E89BA0-49A4-49F8-B5F2-45B211BD6425}.Debug|Any CPU.ActiveCfg = Debug|Any CPU
		{75E89BA0-49A4-49F8-B5F2-45B211BD6425}.Debug|Any CPU.Build.0 = Debug|Any CPU
		{75E89BA0-49A4-49F8-B5F2-45B211BD6425}.Debug|x64.ActiveCfg = Debug|Any CPU
		{75E89BA0-49A4-49F8-B5F2-45B211BD6425}.Debug|x64.Build.0 = Debug|Any CPU
		{75E89BA0-49A4-49F8-B5F2-45B211BD6425}.Debug|x86.ActiveCfg = Debug|Any CPU
		{75E89BA0-49A4-49F8-B5F2-45B211BD6425}.Debug|x86.Build.0 = Debug|Any CPU
		{75E89BA0-49A4-49F8-B5F2-45B211BD6425}.Release|Any CPU.ActiveCfg = Release|Any CPU
		{75E89BA0-49A4-49F8-B5F2-45B211BD6425}.Release|Any CPU.Build.0 = Release|Any CPU
		{75E89BA0-49A4-49F8-B5F2-45B211BD6425}.Release|x64.ActiveCfg = Release|Any CPU
		{75E89BA0-49A4-49F8-B5F2-45B211BD6425}.Release|x64.Build.0 = Release|Any CPU
		{75E89BA0-49A4-49F8-B5F2-45B211BD6425}.Release|x86.ActiveCfg = Release|Any CPU
		{75E89BA0-49A4-49F8-B5F2-45B211BD6425}.Release|x86.Build.0 = Release|Any CPU
		{0B033E85-328D-464B-B37D-32CDDBFB4C51}.Debug|Any CPU.ActiveCfg = Debug|Any CPU
		{0B033E85-328D-464B-B37D-32CDDBFB4C51}.Debug|Any CPU.Build.0 = Debug|Any CPU
		{0B033E85-328D-464B-B37D-32CDDBFB4C51}.Debug|x64.ActiveCfg = Debug|Any CPU
		{0B033E85-328D-464B-B37D-32CDDBFB4C51}.Debug|x64.Build.0 = Debug|Any CPU
		{0B033E85-328D-464B-B37D-32CDDBFB4C51}.Debug|x86.ActiveCfg = Debug|Any CPU
		{0B033E85-328D-464B-B37D-32CDDBFB4C51}.Debug|x86.Build.0 = Debug|Any CPU
		{0B033E85-328D-464B-B37D-32CDDBFB4C51}.Release|Any CPU.ActiveCfg = Release|Any CPU
		{0B033E85-328D-464B-B37D-32CDDBFB4C51}.Release|Any CPU.Build.0 = Release|Any CPU
		{0B033E85-328D-464B-B37D-32CDDBFB4C51}.Release|x64.ActiveCfg = Release|Any CPU
		{0B033E85-328D-464B-B37D-32CDDBFB4C51}.Release|x64.Build.0 = Release|Any CPU
		{0B033E85-328D-464B-B37D-32CDDBFB4C51}.Release|x86.ActiveCfg = Release|Any CPU
		{0B033E85-328D-464B-B37D-32CDDBFB4C51}.Release|x86.Build.0 = Release|Any CPU
		{B6FDA053-8153-4A35-A589-D92E84D11F12}.Debug|Any CPU.ActiveCfg = Debug|Any CPU
		{B6FDA053-8153-4A35-A589-D92E84D11F12}.Debug|Any CPU.Build.0 = Debug|Any CPU
		{B6FDA053-8153-4A35-A589-D92E84D11F12}.Release|Any CPU.ActiveCfg = Release|Any CPU
		{B6FDA053-8153-4A35-A589-D92E84D11F12}.Release|Any CPU.Build.0 = Release|Any CPU
		{75E89BA0-49A4-49F8-B5F2-45B211BD6425}.Debug|Any CPU.ActiveCfg = Debug|Any CPU
		{75E89BA0-49A4-49F8-B5F2-45B211BD6425}.Debug|Any CPU.Build.0 = Debug|Any CPU
		{75E89BA0-49A4-49F8-B5F2-45B211BD6425}.Release|Any CPU.ActiveCfg = Release|Any CPU
		{75E89BA0-49A4-49F8-B5F2-45B211BD6425}.Release|Any CPU.Build.0 = Release|Any CPU
		{0B033E85-328D-464B-B37D-32CDDBFB4C51}.Debug|Any CPU.ActiveCfg = Debug|Any CPU
		{0B033E85-328D-464B-B37D-32CDDBFB4C51}.Debug|Any CPU.Build.0 = Debug|Any CPU
		{0B033E85-328D-464B-B37D-32CDDBFB4C51}.Release|Any CPU.ActiveCfg = Release|Any CPU
		{0B033E85-328D-464B-B37D-32CDDBFB4C51}.Release|Any CPU.Build.0 = Release|Any CPU
		{B6FDA053-8153-4A35-A589-D92E84D11F12}.Debug|Any CPU.ActiveCfg = Debug|Any CPU
		{B6FDA053-8153-4A35-A589-D92E84D11F12}.Debug|Any CPU.Build.0 = Debug|Any CPU
		{B6FDA053-8153-4A35-A589-D92E84D11F12}.Release|Any CPU.ActiveCfg = Release|Any CPU
		{B6FDA053-8153-4A35-A589-D92E84D11F12}.Release|Any CPU.Build.0 = Release|Any CPU
	EndGlobalSection
	GlobalSection(NestedProjects) = preSolution
		{79AAEBD8-91D2-447D-B5A5-723828606215} = {AB0329B6-0CCB-45C8-9D51-06A81183D35A}
		{EDB55F4E-8A60-4F3B-ACB5-F7D106DAD426} = {79AAEBD8-91D2-447D-B5A5-723828606215}
		{B3857EE7-1B1A-46AA-B051-0E06D539FD77} = {AB0329B6-0CCB-45C8-9D51-06A81183D35A}
		{E9CB18B5-F3A2-4561-AF66-B91A11CE9E9D} = {B3857EE7-1B1A-46AA-B051-0E06D539FD77}
		{75E89BA0-49A4-49F8-B5F2-45B211BD6425} = {EEFFA94D-3DD8-4D09-B784-EDC98D2D85A8}
		{0B033E85-328D-464B-B37D-32CDDBFB4C51} = {EEFFA94D-3DD8-4D09-B784-EDC98D2D85A8}
		{B6FDA053-8153-4A35-A589-D92E84D11F12} = {1D574092-4C2B-4DAA-97DE-D6A3EBD92F47}
		{75E89BA0-49A4-49F8-B5F2-45B211BD6425} = {EEFFA94D-3DD8-4D09-B784-EDC98D2D85A8}
		{0B033E85-328D-464B-B37D-32CDDBFB4C51} = {EEFFA94D-3DD8-4D09-B784-EDC98D2D85A8}
		{B6FDA053-8153-4A35-A589-D92E84D11F12} = {1D574092-4C2B-4DAA-97DE-D6A3EBD92F47}
=======
		{05F88AFD-618D-4DE5-936A-7F4EA915271C}.Debug|Any CPU.ActiveCfg = Debug|Any CPU
		{05F88AFD-618D-4DE5-936A-7F4EA915271C}.Debug|Any CPU.Build.0 = Debug|Any CPU
		{05F88AFD-618D-4DE5-936A-7F4EA915271C}.Debug|x64.ActiveCfg = Debug|Any CPU
		{05F88AFD-618D-4DE5-936A-7F4EA915271C}.Debug|x64.Build.0 = Debug|Any CPU
		{05F88AFD-618D-4DE5-936A-7F4EA915271C}.Debug|x86.ActiveCfg = Debug|Any CPU
		{05F88AFD-618D-4DE5-936A-7F4EA915271C}.Debug|x86.Build.0 = Debug|Any CPU
		{05F88AFD-618D-4DE5-936A-7F4EA915271C}.Release|Any CPU.ActiveCfg = Release|Any CPU
		{05F88AFD-618D-4DE5-936A-7F4EA915271C}.Release|Any CPU.Build.0 = Release|Any CPU
		{05F88AFD-618D-4DE5-936A-7F4EA915271C}.Release|x64.ActiveCfg = Release|Any CPU
		{05F88AFD-618D-4DE5-936A-7F4EA915271C}.Release|x64.Build.0 = Release|Any CPU
		{05F88AFD-618D-4DE5-936A-7F4EA915271C}.Release|x86.ActiveCfg = Release|Any CPU
		{05F88AFD-618D-4DE5-936A-7F4EA915271C}.Release|x86.Build.0 = Release|Any CPU
		{DC1F3062-EDE7-40F3-BDBE-F4CD89F95E3B}.Debug|Any CPU.ActiveCfg = Debug|Any CPU
		{DC1F3062-EDE7-40F3-BDBE-F4CD89F95E3B}.Debug|Any CPU.Build.0 = Debug|Any CPU
		{DC1F3062-EDE7-40F3-BDBE-F4CD89F95E3B}.Debug|x64.ActiveCfg = Debug|Any CPU
		{DC1F3062-EDE7-40F3-BDBE-F4CD89F95E3B}.Debug|x64.Build.0 = Debug|Any CPU
		{DC1F3062-EDE7-40F3-BDBE-F4CD89F95E3B}.Debug|x86.ActiveCfg = Debug|Any CPU
		{DC1F3062-EDE7-40F3-BDBE-F4CD89F95E3B}.Debug|x86.Build.0 = Debug|Any CPU
		{DC1F3062-EDE7-40F3-BDBE-F4CD89F95E3B}.Release|Any CPU.ActiveCfg = Release|Any CPU
		{DC1F3062-EDE7-40F3-BDBE-F4CD89F95E3B}.Release|Any CPU.Build.0 = Release|Any CPU
		{DC1F3062-EDE7-40F3-BDBE-F4CD89F95E3B}.Release|x64.ActiveCfg = Release|Any CPU
		{DC1F3062-EDE7-40F3-BDBE-F4CD89F95E3B}.Release|x64.Build.0 = Release|Any CPU
		{DC1F3062-EDE7-40F3-BDBE-F4CD89F95E3B}.Release|x86.ActiveCfg = Release|Any CPU
		{DC1F3062-EDE7-40F3-BDBE-F4CD89F95E3B}.Release|x86.Build.0 = Release|Any CPU
		{93A4659A-C687-4A27-9894-0808592945C9}.Debug|Any CPU.ActiveCfg = Debug|Any CPU
		{93A4659A-C687-4A27-9894-0808592945C9}.Debug|Any CPU.Build.0 = Debug|Any CPU
		{93A4659A-C687-4A27-9894-0808592945C9}.Debug|x64.ActiveCfg = Debug|Any CPU
		{93A4659A-C687-4A27-9894-0808592945C9}.Debug|x64.Build.0 = Debug|Any CPU
		{93A4659A-C687-4A27-9894-0808592945C9}.Debug|x86.ActiveCfg = Debug|Any CPU
		{93A4659A-C687-4A27-9894-0808592945C9}.Debug|x86.Build.0 = Debug|Any CPU
		{93A4659A-C687-4A27-9894-0808592945C9}.Release|Any CPU.ActiveCfg = Release|Any CPU
		{93A4659A-C687-4A27-9894-0808592945C9}.Release|Any CPU.Build.0 = Release|Any CPU
		{93A4659A-C687-4A27-9894-0808592945C9}.Release|x64.ActiveCfg = Release|Any CPU
		{93A4659A-C687-4A27-9894-0808592945C9}.Release|x64.Build.0 = Release|Any CPU
		{93A4659A-C687-4A27-9894-0808592945C9}.Release|x86.ActiveCfg = Release|Any CPU
		{93A4659A-C687-4A27-9894-0808592945C9}.Release|x86.Build.0 = Release|Any CPU
		{F8AAFE77-45A8-4005-95AF-005EAF2B3C4F}.Debug|Any CPU.ActiveCfg = Debug|Any CPU
		{F8AAFE77-45A8-4005-95AF-005EAF2B3C4F}.Debug|Any CPU.Build.0 = Debug|Any CPU
		{F8AAFE77-45A8-4005-95AF-005EAF2B3C4F}.Debug|x64.ActiveCfg = Debug|Any CPU
		{F8AAFE77-45A8-4005-95AF-005EAF2B3C4F}.Debug|x64.Build.0 = Debug|Any CPU
		{F8AAFE77-45A8-4005-95AF-005EAF2B3C4F}.Debug|x86.ActiveCfg = Debug|Any CPU
		{F8AAFE77-45A8-4005-95AF-005EAF2B3C4F}.Debug|x86.Build.0 = Debug|Any CPU
		{F8AAFE77-45A8-4005-95AF-005EAF2B3C4F}.Release|Any CPU.ActiveCfg = Release|Any CPU
		{F8AAFE77-45A8-4005-95AF-005EAF2B3C4F}.Release|Any CPU.Build.0 = Release|Any CPU
		{F8AAFE77-45A8-4005-95AF-005EAF2B3C4F}.Release|x64.ActiveCfg = Release|Any CPU
		{F8AAFE77-45A8-4005-95AF-005EAF2B3C4F}.Release|x64.Build.0 = Release|Any CPU
		{F8AAFE77-45A8-4005-95AF-005EAF2B3C4F}.Release|x86.ActiveCfg = Release|Any CPU
		{F8AAFE77-45A8-4005-95AF-005EAF2B3C4F}.Release|x86.Build.0 = Release|Any CPU
		{A7029562-8236-4A49-BA74-C3444853F096}.Debug|Any CPU.ActiveCfg = Debug|Any CPU
		{A7029562-8236-4A49-BA74-C3444853F096}.Debug|Any CPU.Build.0 = Debug|Any CPU
		{A7029562-8236-4A49-BA74-C3444853F096}.Debug|x64.ActiveCfg = Debug|Any CPU
		{A7029562-8236-4A49-BA74-C3444853F096}.Debug|x64.Build.0 = Debug|Any CPU
		{A7029562-8236-4A49-BA74-C3444853F096}.Debug|x86.ActiveCfg = Debug|Any CPU
		{A7029562-8236-4A49-BA74-C3444853F096}.Debug|x86.Build.0 = Debug|Any CPU
		{A7029562-8236-4A49-BA74-C3444853F096}.Release|Any CPU.ActiveCfg = Release|Any CPU
		{A7029562-8236-4A49-BA74-C3444853F096}.Release|Any CPU.Build.0 = Release|Any CPU
		{A7029562-8236-4A49-BA74-C3444853F096}.Release|x64.ActiveCfg = Release|Any CPU
		{A7029562-8236-4A49-BA74-C3444853F096}.Release|x64.Build.0 = Release|Any CPU
		{A7029562-8236-4A49-BA74-C3444853F096}.Release|x86.ActiveCfg = Release|Any CPU
		{A7029562-8236-4A49-BA74-C3444853F096}.Release|x86.Build.0 = Release|Any CPU
	EndGlobalSection
	GlobalSection(NestedProjects) = preSolution
		{05F88AFD-618D-4DE5-936A-7F4EA915271C} = {67A0F471-C111-4061-9014-B74001D085C4}
		{DC1F3062-EDE7-40F3-BDBE-F4CD89F95E3B} = {67A0F471-C111-4061-9014-B74001D085C4}
		{9B4C9385-CF7F-4E19-BCDC-F07D4C52DF4B} = {125DBEDA-420A-4C6F-B2DE-E6E56D1264BF}
		{93A4659A-C687-4A27-9894-0808592945C9} = {9B4C9385-CF7F-4E19-BCDC-F07D4C52DF4B}
		{00EA1EA8-A2B4-48D0-A9F3-799C43C227E5} = {125DBEDA-420A-4C6F-B2DE-E6E56D1264BF}
		{F8AAFE77-45A8-4005-95AF-005EAF2B3C4F} = {00EA1EA8-A2B4-48D0-A9F3-799C43C227E5}
		{A7029562-8236-4A49-BA74-C3444853F096} = {D62DD907-C9F7-41BA-A2C5-96E808983E22}
>>>>>>> Fixed solution file
	EndGlobalSection
EndGlobal
