
Microsoft Visual Studio Solution File, Format Version 12.00
# Visual Studio 15
VisualStudioVersion = 15.0.26124.0
MinimumVisualStudioVersion = 15.0.26124.0
Project("{2150E333-8FDC-42A3-9474-1A3956D46DE8}") = "samples", "samples", "{A8B83532-F44E-4976-8417-52A8B80AB56B}"
EndProject
Project("{FAE04EC0-301F-11D3-BF4B-00C04F79EFBC}") = "Sample.20", "samples\Sample.20\Sample.20.csproj", "{D870ADD6-6847-40B3-BE62-EF1260868F09}"
EndProject
Project("{FAE04EC0-301F-11D3-BF4B-00C04F79EFBC}") = "Sample.30", "samples\Sample.30\Sample.30.csproj", "{115BB1E6-3648-4408-82FC-4AD6C8200AD8}"
EndProject
Project("{2150E333-8FDC-42A3-9474-1A3956D46DE8}") = "src", "src", "{7632B312-B0FD-4A0D-AB7D-328262D6CEA3}"
EndProject
Project("{2150E333-8FDC-42A3-9474-1A3956D46DE8}") = "2.0", "2.0", "{EA270FD0-E378-48F3-990E-D441389BB9E9}"
EndProject
Project("{FAE04EC0-301F-11D3-BF4B-00C04F79EFBC}") = "EMG.XML.Types", "src\2.0\Types\EMG.XML.Types.csproj", "{E0F838FC-CE9A-4199-83A1-6B6206AF13A1}"
EndProject
Project("{2150E333-8FDC-42A3-9474-1A3956D46DE8}") = "3.0", "3.0", "{56FD9575-2CDC-4D5A-BE7E-63451FB0381F}"
EndProject
Project("{FAE04EC0-301F-11D3-BF4B-00C04F79EFBC}") = "EMG.XML.Types", "src\3.0\Types\EMG.XML.Types.csproj", "{B2C64CE7-6D12-449B-A923-2660F857C4E1}"
EndProject
Project("{2150E333-8FDC-42A3-9474-1A3956D46DE8}") = "tests", "tests", "{ECD48402-7AF9-4581-8287-3B6CC6928812}"
EndProject
Project("{2150E333-8FDC-42A3-9474-1A3956D46DE8}") = "2.0", "2.0", "{D08F57DD-AF35-4DF3-805C-8781C8BE9E28}"
EndProject
Project("{FAE04EC0-301F-11D3-BF4B-00C04F79EFBC}") = "Tests.Types", "tests\2.0\Tests.Types\Tests.Types.csproj", "{41988DE5-C4F2-4855-8D9C-24369D0E84D9}"
EndProject
Project("{2150E333-8FDC-42A3-9474-1A3956D46DE8}") = "3.0", "3.0", "{436E71A7-2281-4278-8F19-D8C7DD0571DD}"
EndProject
Project("{FAE04EC0-301F-11D3-BF4B-00C04F79EFBC}") = "Tests.Types", "tests\3.0\Tests.Types\Tests.Types.csproj", "{231947CE-8661-4D0A-87AE-EE2750A4DDBC}"
EndProject
Project("{FAE04EC0-301F-11D3-BF4B-00C04F79EFBC}") = "TestHelper", "tests\TestHelper\TestHelper.csproj", "{F949EBE6-631F-4EE0-A6A3-1E94618AE39C}"
EndProject
Global
	GlobalSection(SolutionConfigurationPlatforms) = preSolution
		Debug|Any CPU = Debug|Any CPU
		Debug|x64 = Debug|x64
		Debug|x86 = Debug|x86
		Release|Any CPU = Release|Any CPU
		Release|x64 = Release|x64
		Release|x86 = Release|x86
	EndGlobalSection
	GlobalSection(SolutionProperties) = preSolution
		HideSolutionNode = FALSE
	EndGlobalSection
	GlobalSection(ProjectConfigurationPlatforms) = postSolution
		{D870ADD6-6847-40B3-BE62-EF1260868F09}.Debug|Any CPU.ActiveCfg = Debug|Any CPU
		{D870ADD6-6847-40B3-BE62-EF1260868F09}.Debug|Any CPU.Build.0 = Debug|Any CPU
		{D870ADD6-6847-40B3-BE62-EF1260868F09}.Debug|x64.ActiveCfg = Debug|Any CPU
		{D870ADD6-6847-40B3-BE62-EF1260868F09}.Debug|x64.Build.0 = Debug|Any CPU
		{D870ADD6-6847-40B3-BE62-EF1260868F09}.Debug|x86.ActiveCfg = Debug|Any CPU
		{D870ADD6-6847-40B3-BE62-EF1260868F09}.Debug|x86.Build.0 = Debug|Any CPU
		{D870ADD6-6847-40B3-BE62-EF1260868F09}.Release|Any CPU.ActiveCfg = Release|Any CPU
		{D870ADD6-6847-40B3-BE62-EF1260868F09}.Release|Any CPU.Build.0 = Release|Any CPU
		{D870ADD6-6847-40B3-BE62-EF1260868F09}.Release|x64.ActiveCfg = Release|Any CPU
		{D870ADD6-6847-40B3-BE62-EF1260868F09}.Release|x64.Build.0 = Release|Any CPU
		{D870ADD6-6847-40B3-BE62-EF1260868F09}.Release|x86.ActiveCfg = Release|Any CPU
		{D870ADD6-6847-40B3-BE62-EF1260868F09}.Release|x86.Build.0 = Release|Any CPU
		{115BB1E6-3648-4408-82FC-4AD6C8200AD8}.Debug|Any CPU.ActiveCfg = Debug|Any CPU
		{115BB1E6-3648-4408-82FC-4AD6C8200AD8}.Debug|Any CPU.Build.0 = Debug|Any CPU
		{115BB1E6-3648-4408-82FC-4AD6C8200AD8}.Debug|x64.ActiveCfg = Debug|Any CPU
		{115BB1E6-3648-4408-82FC-4AD6C8200AD8}.Debug|x64.Build.0 = Debug|Any CPU
		{115BB1E6-3648-4408-82FC-4AD6C8200AD8}.Debug|x86.ActiveCfg = Debug|Any CPU
		{115BB1E6-3648-4408-82FC-4AD6C8200AD8}.Debug|x86.Build.0 = Debug|Any CPU
		{115BB1E6-3648-4408-82FC-4AD6C8200AD8}.Release|Any CPU.ActiveCfg = Release|Any CPU
		{115BB1E6-3648-4408-82FC-4AD6C8200AD8}.Release|Any CPU.Build.0 = Release|Any CPU
		{115BB1E6-3648-4408-82FC-4AD6C8200AD8}.Release|x64.ActiveCfg = Release|Any CPU
		{115BB1E6-3648-4408-82FC-4AD6C8200AD8}.Release|x64.Build.0 = Release|Any CPU
		{115BB1E6-3648-4408-82FC-4AD6C8200AD8}.Release|x86.ActiveCfg = Release|Any CPU
		{115BB1E6-3648-4408-82FC-4AD6C8200AD8}.Release|x86.Build.0 = Release|Any CPU
		{E0F838FC-CE9A-4199-83A1-6B6206AF13A1}.Debug|Any CPU.ActiveCfg = Debug|Any CPU
		{E0F838FC-CE9A-4199-83A1-6B6206AF13A1}.Debug|Any CPU.Build.0 = Debug|Any CPU
		{E0F838FC-CE9A-4199-83A1-6B6206AF13A1}.Debug|x64.ActiveCfg = Debug|Any CPU
		{E0F838FC-CE9A-4199-83A1-6B6206AF13A1}.Debug|x64.Build.0 = Debug|Any CPU
		{E0F838FC-CE9A-4199-83A1-6B6206AF13A1}.Debug|x86.ActiveCfg = Debug|Any CPU
		{E0F838FC-CE9A-4199-83A1-6B6206AF13A1}.Debug|x86.Build.0 = Debug|Any CPU
		{E0F838FC-CE9A-4199-83A1-6B6206AF13A1}.Release|Any CPU.ActiveCfg = Release|Any CPU
		{E0F838FC-CE9A-4199-83A1-6B6206AF13A1}.Release|Any CPU.Build.0 = Release|Any CPU
		{E0F838FC-CE9A-4199-83A1-6B6206AF13A1}.Release|x64.ActiveCfg = Release|Any CPU
		{E0F838FC-CE9A-4199-83A1-6B6206AF13A1}.Release|x64.Build.0 = Release|Any CPU
		{E0F838FC-CE9A-4199-83A1-6B6206AF13A1}.Release|x86.ActiveCfg = Release|Any CPU
		{E0F838FC-CE9A-4199-83A1-6B6206AF13A1}.Release|x86.Build.0 = Release|Any CPU
		{B2C64CE7-6D12-449B-A923-2660F857C4E1}.Debug|Any CPU.ActiveCfg = Debug|Any CPU
		{B2C64CE7-6D12-449B-A923-2660F857C4E1}.Debug|Any CPU.Build.0 = Debug|Any CPU
		{B2C64CE7-6D12-449B-A923-2660F857C4E1}.Debug|x64.ActiveCfg = Debug|Any CPU
		{B2C64CE7-6D12-449B-A923-2660F857C4E1}.Debug|x64.Build.0 = Debug|Any CPU
		{B2C64CE7-6D12-449B-A923-2660F857C4E1}.Debug|x86.ActiveCfg = Debug|Any CPU
		{B2C64CE7-6D12-449B-A923-2660F857C4E1}.Debug|x86.Build.0 = Debug|Any CPU
		{B2C64CE7-6D12-449B-A923-2660F857C4E1}.Release|Any CPU.ActiveCfg = Release|Any CPU
		{B2C64CE7-6D12-449B-A923-2660F857C4E1}.Release|Any CPU.Build.0 = Release|Any CPU
		{B2C64CE7-6D12-449B-A923-2660F857C4E1}.Release|x64.ActiveCfg = Release|Any CPU
		{B2C64CE7-6D12-449B-A923-2660F857C4E1}.Release|x64.Build.0 = Release|Any CPU
		{B2C64CE7-6D12-449B-A923-2660F857C4E1}.Release|x86.ActiveCfg = Release|Any CPU
		{B2C64CE7-6D12-449B-A923-2660F857C4E1}.Release|x86.Build.0 = Release|Any CPU
		{41988DE5-C4F2-4855-8D9C-24369D0E84D9}.Debug|Any CPU.ActiveCfg = Debug|Any CPU
		{41988DE5-C4F2-4855-8D9C-24369D0E84D9}.Debug|Any CPU.Build.0 = Debug|Any CPU
		{41988DE5-C4F2-4855-8D9C-24369D0E84D9}.Debug|x64.ActiveCfg = Debug|Any CPU
		{41988DE5-C4F2-4855-8D9C-24369D0E84D9}.Debug|x64.Build.0 = Debug|Any CPU
		{41988DE5-C4F2-4855-8D9C-24369D0E84D9}.Debug|x86.ActiveCfg = Debug|Any CPU
		{41988DE5-C4F2-4855-8D9C-24369D0E84D9}.Debug|x86.Build.0 = Debug|Any CPU
		{41988DE5-C4F2-4855-8D9C-24369D0E84D9}.Release|Any CPU.ActiveCfg = Release|Any CPU
		{41988DE5-C4F2-4855-8D9C-24369D0E84D9}.Release|Any CPU.Build.0 = Release|Any CPU
		{41988DE5-C4F2-4855-8D9C-24369D0E84D9}.Release|x64.ActiveCfg = Release|Any CPU
		{41988DE5-C4F2-4855-8D9C-24369D0E84D9}.Release|x64.Build.0 = Release|Any CPU
		{41988DE5-C4F2-4855-8D9C-24369D0E84D9}.Release|x86.ActiveCfg = Release|Any CPU
		{41988DE5-C4F2-4855-8D9C-24369D0E84D9}.Release|x86.Build.0 = Release|Any CPU
		{231947CE-8661-4D0A-87AE-EE2750A4DDBC}.Debug|Any CPU.ActiveCfg = Debug|Any CPU
		{231947CE-8661-4D0A-87AE-EE2750A4DDBC}.Debug|Any CPU.Build.0 = Debug|Any CPU
		{231947CE-8661-4D0A-87AE-EE2750A4DDBC}.Debug|x64.ActiveCfg = Debug|Any CPU
		{231947CE-8661-4D0A-87AE-EE2750A4DDBC}.Debug|x64.Build.0 = Debug|Any CPU
		{231947CE-8661-4D0A-87AE-EE2750A4DDBC}.Debug|x86.ActiveCfg = Debug|Any CPU
		{231947CE-8661-4D0A-87AE-EE2750A4DDBC}.Debug|x86.Build.0 = Debug|Any CPU
		{231947CE-8661-4D0A-87AE-EE2750A4DDBC}.Release|Any CPU.ActiveCfg = Release|Any CPU
		{231947CE-8661-4D0A-87AE-EE2750A4DDBC}.Release|Any CPU.Build.0 = Release|Any CPU
		{231947CE-8661-4D0A-87AE-EE2750A4DDBC}.Release|x64.ActiveCfg = Release|Any CPU
		{231947CE-8661-4D0A-87AE-EE2750A4DDBC}.Release|x64.Build.0 = Release|Any CPU
		{231947CE-8661-4D0A-87AE-EE2750A4DDBC}.Release|x86.ActiveCfg = Release|Any CPU
		{231947CE-8661-4D0A-87AE-EE2750A4DDBC}.Release|x86.Build.0 = Release|Any CPU
		{F949EBE6-631F-4EE0-A6A3-1E94618AE39C}.Debug|Any CPU.ActiveCfg = Debug|Any CPU
		{F949EBE6-631F-4EE0-A6A3-1E94618AE39C}.Debug|Any CPU.Build.0 = Debug|Any CPU
		{F949EBE6-631F-4EE0-A6A3-1E94618AE39C}.Debug|x64.ActiveCfg = Debug|Any CPU
		{F949EBE6-631F-4EE0-A6A3-1E94618AE39C}.Debug|x64.Build.0 = Debug|Any CPU
		{F949EBE6-631F-4EE0-A6A3-1E94618AE39C}.Debug|x86.ActiveCfg = Debug|Any CPU
		{F949EBE6-631F-4EE0-A6A3-1E94618AE39C}.Debug|x86.Build.0 = Debug|Any CPU
		{F949EBE6-631F-4EE0-A6A3-1E94618AE39C}.Release|Any CPU.ActiveCfg = Release|Any CPU
		{F949EBE6-631F-4EE0-A6A3-1E94618AE39C}.Release|Any CPU.Build.0 = Release|Any CPU
		{F949EBE6-631F-4EE0-A6A3-1E94618AE39C}.Release|x64.ActiveCfg = Release|Any CPU
		{F949EBE6-631F-4EE0-A6A3-1E94618AE39C}.Release|x64.Build.0 = Release|Any CPU
		{F949EBE6-631F-4EE0-A6A3-1E94618AE39C}.Release|x86.ActiveCfg = Release|Any CPU
		{F949EBE6-631F-4EE0-A6A3-1E94618AE39C}.Release|x86.Build.0 = Release|Any CPU
	EndGlobalSection
	GlobalSection(NestedProjects) = preSolution
		{D870ADD6-6847-40B3-BE62-EF1260868F09} = {A8B83532-F44E-4976-8417-52A8B80AB56B}
		{115BB1E6-3648-4408-82FC-4AD6C8200AD8} = {A8B83532-F44E-4976-8417-52A8B80AB56B}
		{EA270FD0-E378-48F3-990E-D441389BB9E9} = {7632B312-B0FD-4A0D-AB7D-328262D6CEA3}
		{E0F838FC-CE9A-4199-83A1-6B6206AF13A1} = {EA270FD0-E378-48F3-990E-D441389BB9E9}
		{56FD9575-2CDC-4D5A-BE7E-63451FB0381F} = {7632B312-B0FD-4A0D-AB7D-328262D6CEA3}
		{B2C64CE7-6D12-449B-A923-2660F857C4E1} = {56FD9575-2CDC-4D5A-BE7E-63451FB0381F}
		{D08F57DD-AF35-4DF3-805C-8781C8BE9E28} = {ECD48402-7AF9-4581-8287-3B6CC6928812}
		{41988DE5-C4F2-4855-8D9C-24369D0E84D9} = {D08F57DD-AF35-4DF3-805C-8781C8BE9E28}
		{436E71A7-2281-4278-8F19-D8C7DD0571DD} = {ECD48402-7AF9-4581-8287-3B6CC6928812}
		{231947CE-8661-4D0A-87AE-EE2750A4DDBC} = {436E71A7-2281-4278-8F19-D8C7DD0571DD}
		{F949EBE6-631F-4EE0-A6A3-1E94618AE39C} = {ECD48402-7AF9-4581-8287-3B6CC6928812}
	EndGlobalSection
EndGlobal
